
Microsoft Visual Studio Solution File, Format Version 12.00
# Visual Studio Version 17
VisualStudioVersion = 17.3.32922.545
MinimumVisualStudioVersion = 10.0.40219.1
Project("{9A19103F-16F7-4668-BE54-9A1E7A4F7556}") = "BulkyWeb", "BulkyWeb\BulkyWeb.csproj", "{9D8E76A8-A14E-4A14-8ADE-F647F6EDECD3}"
EndProject
Project("{9A19103F-16F7-4668-BE54-9A1E7A4F7556}") = "BulkyWebRazor_Temp", "BulkyWebRazor_Temp\BulkyWebRazor_Temp.csproj", "{3EFC0684-6AD3-4D93-85B9-B7A8FC2AB74B}"
EndProject
Project("{FAE04EC0-301F-11D3-BF4B-00C04F79EFBC}") = "Bulky.DataAccess", "Bulky.DataAccess\Bulky.DataAccess.csproj", "{EC924F91-288C-4BBB-AE93-949C532638D3}"
EndProject
Project("{FAE04EC0-301F-11D3-BF4B-00C04F79EFBC}") = "Bulky.Models", "Bulky.Models\Bulky.Models.csproj", "{59DEF128-27A9-4E7F-B429-EC68C4C4A07D}"
EndProject
Project("{FAE04EC0-301F-11D3-BF4B-00C04F79EFBC}") = "Bulky.Utility", "Bulky.Utility\Bulky.Utility.csproj", "{6A384325-CA42-4408-BBE5-BB0A56D47972}"
EndProject
Global
	GlobalSection(SolutionConfigurationPlatforms) = preSolution
		Debug|Any CPU = Debug|Any CPU
		Release|Any CPU = Release|Any CPU
	EndGlobalSection
	GlobalSection(ProjectConfigurationPlatforms) = postSolution
		{9D8E76A8-A14E-4A14-8ADE-F647F6EDECD3}.Debug|Any CPU.ActiveCfg = Debug|Any CPU
		{9D8E76A8-A14E-4A14-8ADE-F647F6EDECD3}.Debug|Any CPU.Build.0 = Debug|Any CPU
		{9D8E76A8-A14E-4A14-8ADE-F647F6EDECD3}.Release|Any CPU.ActiveCfg = Release|Any CPU
		{9D8E76A8-A14E-4A14-8ADE-F647F6EDECD3}.Release|Any CPU.Build.0 = Release|Any CPU
		{3EFC0684-6AD3-4D93-85B9-B7A8FC2AB74B}.Debug|Any CPU.ActiveCfg = Debug|Any CPU
		{3EFC0684-6AD3-4D93-85B9-B7A8FC2AB74B}.Debug|Any CPU.Build.0 = Debug|Any CPU
		{3EFC0684-6AD3-4D93-85B9-B7A8FC2AB74B}.Release|Any CPU.ActiveCfg = Release|Any CPU
		{3EFC0684-6AD3-4D93-85B9-B7A8FC2AB74B}.Release|Any CPU.Build.0 = Release|Any CPU
		{EC924F91-288C-4BBB-AE93-949C532638D3}.Debug|Any CPU.ActiveCfg = Debug|Any CPU
		{EC924F91-288C-4BBB-AE93-949C532638D3}.Debug|Any CPU.Build.0 = Debug|Any CPU
		{EC924F91-288C-4BBB-AE93-949C532638D3}.Release|Any CPU.ActiveCfg = Release|Any CPU
		{EC924F91-288C-4BBB-AE93-949C532638D3}.Release|Any CPU.Build.0 = Release|Any CPU
		{59DEF128-27A9-4E7F-B429-EC68C4C4A07D}.Debug|Any CPU.ActiveCfg = Debug|Any CPU
		{59DEF128-27A9-4E7F-B429-EC68C4C4A07D}.Debug|Any CPU.Build.0 = Debug|Any CPU
		{59DEF128-27A9-4E7F-B429-EC68C4C4A07D}.Release|Any CPU.ActiveCfg = Release|Any CPU
		{59DEF128-27A9-4E7F-B429-EC68C4C4A07D}.Release|Any CPU.Build.0 = Release|Any CPU
		{6A384325-CA42-4408-BBE5-BB0A56D47972}.Debug|Any CPU.ActiveCfg = Debug|Any CPU
		{6A384325-CA42-4408-BBE5-BB0A56D47972}.Debug|Any CPU.Build.0 = Debug|Any CPU
		{6A384325-CA42-4408-BBE5-BB0A56D47972}.Release|Any CPU.ActiveCfg = Release|Any CPU
		{6A384325-CA42-4408-BBE5-BB0A56D47972}.Release|Any CPU.Build.0 = Release|Any CPU
	EndGlobalSection
	GlobalSection(SolutionProperties) = preSolution
		HideSolutionNode = FALSE
	EndGlobalSection
	GlobalSection(ExtensibilityGlobals) = postSolution
		SolutionGuid = {40F6B15C-F490-44AD-BAF7-E69346603BCB}
	EndGlobalSection
EndGlobal
